
Microsoft Visual Studio Solution File, Format Version 12.00
# Visual Studio Version 16
VisualStudioVersion = 16.0.29920.165
MinimumVisualStudioVersion = 10.0.40219.1
Project("{FAE04EC0-301F-11D3-BF4B-00C04F79EFBC}") = "shubham_Bill_System", "shubham_Bill_System.csproj", "{8290AD4F-56CA-41A7-AC34-E121C60DD48E}"
EndProject
Global
	GlobalSection(SolutionConfigurationPlatforms) = preSolution
		Debug|Any CPU = Debug|Any CPU
		Release|Any CPU = Release|Any CPU
	EndGlobalSection
	GlobalSection(ProjectConfigurationPlatforms) = postSolution
		{8290AD4F-56CA-41A7-AC34-E121C60DD48E}.Debug|Any CPU.ActiveCfg = Debug|Any CPU
		{8290AD4F-56CA-41A7-AC34-E121C60DD48E}.Debug|Any CPU.Build.0 = Debug|Any CPU
		{8290AD4F-56CA-41A7-AC34-E121C60DD48E}.Release|Any CPU.ActiveCfg = Release|Any CPU
		{8290AD4F-56CA-41A7-AC34-E121C60DD48E}.Release|Any CPU.Build.0 = Release|Any CPU
	EndGlobalSection
	GlobalSection(SolutionProperties) = preSolution
		HideSolutionNode = FALSE
	EndGlobalSection
	GlobalSection(ExtensibilityGlobals) = postSolution
		SolutionGuid = {1C382A17-0E96-4FDC-87C5-53BF823AAE6D}
	EndGlobalSection
EndGlobal
